<?xml version="1.0" encoding="UTF-8"?>
<Scheme
   LastUpgradeVersion = "2600"
   version = "1.7">
   <BuildAction
      parallelizeBuildables = "YES"
      buildImplicitDependencies = "YES"
      buildArchitectures = "Automatic">
      <BuildActionEntries>
         <!-- Compile SwiftPM's internal modules here. The public executable products are linked and tested by macOS CI;
              their case-folded wrapper names collide with the Peekaboo app target on hosted case-insensitive runners. -->
         <BuildActionEntry
            buildForTesting = "YES"
            buildForRunning = "YES"
            buildForProfiling = "YES"
            buildForArchiving = "YES"
            buildForAnalyzing = "YES">
            <BuildableReference
               BuildableIdentifier = "primary"
               BlueprintIdentifier = "PeekabooExec"
               BuildableName = "PeekabooExec"
               BlueprintName = "PeekabooExec"
               ReferencedContainer = "container:CLI">
            </BuildableReference>
         </BuildActionEntry>
         <BuildActionEntry
            buildForTesting = "YES"
            buildForRunning = "YES"
            buildForProfiling = "YES"
            buildForArchiving = "YES"
            buildForAnalyzing = "YES">
            <BuildableReference
               BuildableIdentifier = "primary"
               BlueprintIdentifier = "PeekabooCertificationController"
               BuildableName = "PeekabooCertificationController"
               BlueprintName = "PeekabooCertificationController"
               ReferencedContainer = "container:CLI">
            </BuildableReference>
         </BuildActionEntry>
         <BuildActionEntry
            buildForTesting = "YES"
            buildForRunning = "YES"
            buildForProfiling = "YES"
            buildForArchiving = "YES"
            buildForAnalyzing = "YES">
            <BuildableReference
               BuildableIdentifier = "primary"
               BlueprintIdentifier = "7814F1052E1BD4C8000995F8"
               BuildableName = "Peekaboo.app"
               BlueprintName = "Peekaboo"
               ReferencedContainer = "container:Mac/Peekaboo.xcodeproj">
            </BuildableReference>
         </BuildActionEntry>
         <BuildActionEntry
            buildForTesting = "YES"
            buildForRunning = "YES"
            buildForProfiling = "YES"
            buildForArchiving = "YES"
            buildForAnalyzing = "YES">
            <BuildableReference
               BuildableIdentifier = "primary"
               BlueprintIdentifier = "7814F1052E1BD4C8000995F8"
               BuildableName = "Playground.app"
               BlueprintName = "Playground"
               ReferencedContainer = "container:Playground/Playground.xcodeproj">
            </BuildableReference>
         </BuildActionEntry>
         <BuildActionEntry
            buildForTesting = "YES"
            buildForRunning = "YES"
            buildForProfiling = "YES"
            buildForArchiving = "YES"
            buildForAnalyzing = "YES">
            <BuildableReference
               BuildableIdentifier = "primary"
               BlueprintIdentifier = "7814F0DD2E1B0A20000995F8"
               BuildableName = "Inspector.app"
               BlueprintName = "Inspector"
               ReferencedContainer = "container:PeekabooInspector/Inspector.xcodeproj">
            </BuildableReference>
         </BuildActionEntry>
      </BuildActionEntries>
   </BuildAction>
   <AnalyzeAction
      buildConfiguration = "Debug">
   </AnalyzeAction>
</Scheme>
